
Microsoft Visual Studio Solution File, Format Version 12.00
# Visual Studio 15
VisualStudioVersion = 15.0.27004.2008
MinimumVisualStudioVersion = 10.0.40219.1
Project("{9A19103F-16F7-4668-BE54-9A1E7A4F7556}") = "ChatAdminConsole", "ChatAdminConsole\ChatAdminConsole.csproj", "{F56FEE4A-6771-43CE-8E51-98CD17702D85}"
EndProject
Project("{9A19103F-16F7-4668-BE54-9A1E7A4F7556}") = "SendBirdAPI", "SendBirdAPI\SendBirdAPI.csproj", "{150A42C3-51ED-4F4B-931E-6C38A7BE4A23}"
EndProject
Global
	GlobalSection(SolutionConfigurationPlatforms) = preSolution
		Debug|Any CPU = Debug|Any CPU
		Release|Any CPU = Release|Any CPU
	EndGlobalSection
	GlobalSection(ProjectConfigurationPlatforms) = postSolution
		{F56FEE4A-6771-43CE-8E51-98CD17702D85}.Debug|Any CPU.ActiveCfg = Debug|Any CPU
		{F56FEE4A-6771-43CE-8E51-98CD17702D85}.Debug|Any CPU.Build.0 = Debug|Any CPU
		{F56FEE4A-6771-43CE-8E51-98CD17702D85}.Release|Any CPU.ActiveCfg = Release|Any CPU
		{F56FEE4A-6771-43CE-8E51-98CD17702D85}.Release|Any CPU.Build.0 = Release|Any CPU
		{150A42C3-51ED-4F4B-931E-6C38A7BE4A23}.Debug|Any CPU.ActiveCfg = Debug|Any CPU
		{150A42C3-51ED-4F4B-931E-6C38A7BE4A23}.Debug|Any CPU.Build.0 = Debug|Any CPU
		{150A42C3-51ED-4F4B-931E-6C38A7BE4A23}.Release|Any CPU.ActiveCfg = Release|Any CPU
		{150A42C3-51ED-4F4B-931E-6C38A7BE4A23}.Release|Any CPU.Build.0 = Release|Any CPU
	EndGlobalSection
	GlobalSection(SolutionProperties) = preSolution
		HideSolutionNode = FALSE
	EndGlobalSection
	GlobalSection(ExtensibilityGlobals) = postSolution
		SolutionGuid = {A0468EE7-08A7-4134-84E2-C0DF3D470E7E}
	EndGlobalSection
EndGlobal
